
Microsoft Visual Studio Solution File, Format Version 12.00
# Visual Studio Version 17
VisualStudioVersion = 17.9.34321.82
MinimumVisualStudioVersion = 10.0.40219.1
Project("{9A19103F-16F7-4668-BE54-9A1E7A4F7556}") = "FreeCourse.Services.Catalog", "FreeCourse.Services.Catalog.csproj", "{BB23E096-C15F-4A33-94A4-9B645314E966}"
EndProject
Global
	GlobalSection(SolutionConfigurationPlatforms) = preSolution
		Debug|Any CPU = Debug|Any CPU
		Release|Any CPU = Release|Any CPU
	EndGlobalSection
	GlobalSection(ProjectConfigurationPlatforms) = postSolution
		{BB23E096-C15F-4A33-94A4-9B645314E966}.Debug|Any CPU.ActiveCfg = Debug|Any CPU
		{BB23E096-C15F-4A33-94A4-9B645314E966}.Debug|Any CPU.Build.0 = Debug|Any CPU
		{BB23E096-C15F-4A33-94A4-9B645314E966}.Release|Any CPU.ActiveCfg = Release|Any CPU
		{BB23E096-C15F-4A33-94A4-9B645314E966}.Release|Any CPU.Build.0 = Release|Any CPU
	EndGlobalSection
	GlobalSection(SolutionProperties) = preSolution
		HideSolutionNode = FALSE
	EndGlobalSection
	GlobalSection(ExtensibilityGlobals) = postSolution
		SolutionGuid = {8EEB089A-89E6-4A8C-A8C8-145D263C28E3}
	EndGlobalSection
EndGlobal
